
Microsoft Visual Studio Solution File, Format Version 12.00
Project("{FAE04EC0-301F-11D3-BF4B-00C04F79EFBC}") = "Restoration.Function", "Restoration.Function\Restoration.Function.csproj", "{4222FBF5-45CB-456F-8F9E-9813FB7205E7}"
EndProject
Global
	GlobalSection(SolutionConfigurationPlatforms) = preSolution
		Debug|Any CPU = Debug|Any CPU
		Release|Any CPU = Release|Any CPU
	EndGlobalSection
	GlobalSection(ProjectConfigurationPlatforms) = postSolution
		{4222FBF5-45CB-456F-8F9E-9813FB7205E7}.Debug|Any CPU.ActiveCfg = Debug|Any CPU
		{4222FBF5-45CB-456F-8F9E-9813FB7205E7}.Debug|Any CPU.Build.0 = Debug|Any CPU
		{4222FBF5-45CB-456F-8F9E-9813FB7205E7}.Release|Any CPU.ActiveCfg = Release|Any CPU
		{4222FBF5-45CB-456F-8F9E-9813FB7205E7}.Release|Any CPU.Build.0 = Release|Any CPU
	EndGlobalSection
EndGlobal
